
Microsoft Visual Studio Solution File, Format Version 12.00
# Visual Studio Version 16
VisualStudioVersion = 16.0.32228.343
MinimumVisualStudioVersion = 10.0.40219.1
Project("{FAE04EC0-301F-11D3-BF4B-00C04F79EFBC}") = "Customers.Server", "Customers\Server\Customers.Server.csproj", "{C234DA2E-111F-465D-8335-4869463934CD}"
EndProject
Project("{FAE04EC0-301F-11D3-BF4B-00C04F79EFBC}") = "Customers.Client", "Customers\Client\Customers.Client.csproj", "{C06A62DF-1B2C-41CD-A516-DAAC0B713A3E}"
EndProject
Project("{FAE04EC0-301F-11D3-BF4B-00C04F79EFBC}") = "Customers.Shared", "Customers\Shared\Customers.Shared.csproj", "{14DDA161-6BB1-4F1F-A653-52A9C25ECA10}"
EndProject
Global
	GlobalSection(SolutionConfigurationPlatforms) = preSolution
		Debug|Any CPU = Debug|Any CPU
		Release|Any CPU = Release|Any CPU
	EndGlobalSection
	GlobalSection(ProjectConfigurationPlatforms) = postSolution
		{C234DA2E-111F-465D-8335-4869463934CD}.Debug|Any CPU.ActiveCfg = Debug|Any CPU
		{C234DA2E-111F-465D-8335-4869463934CD}.Debug|Any CPU.Build.0 = Debug|Any CPU
		{C234DA2E-111F-465D-8335-4869463934CD}.Release|Any CPU.ActiveCfg = Release|Any CPU
		{C234DA2E-111F-465D-8335-4869463934CD}.Release|Any CPU.Build.0 = Release|Any CPU
		{C06A62DF-1B2C-41CD-A516-DAAC0B713A3E}.Debug|Any CPU.ActiveCfg = Debug|Any CPU
		{C06A62DF-1B2C-41CD-A516-DAAC0B713A3E}.Debug|Any CPU.Build.0 = Debug|Any CPU
		{C06A62DF-1B2C-41CD-A516-DAAC0B713A3E}.Release|Any CPU.ActiveCfg = Release|Any CPU
		{C06A62DF-1B2C-41CD-A516-DAAC0B713A3E}.Release|Any CPU.Build.0 = Release|Any CPU
		{14DDA161-6BB1-4F1F-A653-52A9C25ECA10}.Debug|Any CPU.ActiveCfg = Debug|Any CPU
		{14DDA161-6BB1-4F1F-A653-52A9C25ECA10}.Debug|Any CPU.Build.0 = Debug|Any CPU
		{14DDA161-6BB1-4F1F-A653-52A9C25ECA10}.Release|Any CPU.ActiveCfg = Release|Any CPU
		{14DDA161-6BB1-4F1F-A653-52A9C25ECA10}.Release|Any CPU.Build.0 = Release|Any CPU
	EndGlobalSection
	GlobalSection(SolutionProperties) = preSolution
		HideSolutionNode = FALSE
	EndGlobalSection
	GlobalSection(ExtensibilityGlobals) = postSolution
		SolutionGuid = {85C65210-7F51-49C5-80EB-0C74D1E70140}
	EndGlobalSection
EndGlobal
